
Microsoft Visual Studio Solution File, Format Version 12.00
# Visual Studio Version 17
VisualStudioVersion = 17.12.35707.178 d17.12
MinimumVisualStudioVersion = 10.0.40219.1
Project("{FAE04EC0-301F-11D3-BF4B-00C04F79EFBC}") = "ancestor_mod_distribution", "ancestor_mod_distribution\ancestor_mod_distribution.csproj", "{439663AE-7AC4-4978-9A3F-9848DEE3F39B}"
EndProject
Global
	GlobalSection(SolutionConfigurationPlatforms) = preSolution
		Debug|Any CPU = Debug|Any CPU
		Release|Any CPU = Release|Any CPU
	EndGlobalSection
	GlobalSection(ProjectConfigurationPlatforms) = postSolution
		{439663AE-7AC4-4978-9A3F-9848DEE3F39B}.Debug|Any CPU.ActiveCfg = Debug|Any CPU
		{439663AE-7AC4-4978-9A3F-9848DEE3F39B}.Debug|Any CPU.Build.0 = Debug|Any CPU
		{439663AE-7AC4-4978-9A3F-9848DEE3F39B}.Release|Any CPU.ActiveCfg = Release|Any CPU
		{439663AE-7AC4-4978-9A3F-9848DEE3F39B}.Release|Any CPU.Build.0 = Release|Any CPU
	EndGlobalSection
	GlobalSection(SolutionProperties) = preSolution
		HideSolutionNode = FALSE
	EndGlobalSection
EndGlobal
